# This file was autogenerated by Stack.
# You should not edit this file by hand.
# For more information, please see the documentation at:
#   https://docs.haskellstack.org/en/stable/lock_files

packages:
- completed:
    hackage: cron-0.7.2@sha256:59168f29d001c07ce19ba16f0b8abf4e8659fdf90e0e630ddd493e582d499fdc,3863
    pantry-tree:
      sha256: a7ef68533b5201eb26473cb4bd8df0bdcbf13a82670fd5fb9023e25dc8617498
      size: 1680
  original:
    hackage: cron-0.7.2
- completed:
    hackage: telegram-bot-api-7.4.2@sha256:404fe3a88a370c2dcea1dd43507620f6cadf2f1181039192ce3181c978fe575c,11240
    pantry-tree:
      sha256: d560493d495fc4834ef4380f2bea484e637f9cb23db8dd71bce8f0daf1870de9
      size: 19236
  original:
    hackage: telegram-bot-api-7.4.2
- completed:
    hackage: telegram-bot-simple-0.14.3@sha256:e3abadaf6b26f97656cbef65e24a1f1ae0324e9fc0ed32399c0778d2fd067de2,5920
    pantry-tree:
      sha256: 9aa4d3f813d4069957bcff3932b181e4c8d25b04ee0a0599c555f8dd7a4a7655
      size: 1374
  original:
    hackage: telegram-bot-simple-0.14.3
snapshots:
- completed:
    sha256: 521009bd88879b6993fab5ea5abe1ee2a539dfd8ec2dfc7c57017a8eaee1e78b
    size: 720262
    url: https://raw.githubusercontent.com/commercialhaskell/stackage-snapshots/master/lts/22/40.yaml
  original: lts-22.40
